{
    "name": "npm",
    "lockfileVersion": 3,
    "requires": true,
    "packages": {
        "": {
            "workspaces": [
                "*"
            ]
        },
        "bun-rex": {
            "name": "@dotrex/bun-rex",
            "version": "0.0.0-alpha.2",
            "license": "MIT",
            "dependencies": {
                "@bearz/exec": "^0.1.1",
                "@bearz/process": "^0.1.0",
                "@dotrex/command": "^0.0.0-alpha.2",
                "@dotrex/core": "^0.0.0-alpha.2",
                "@dotrex/flags": "^0.0.0-alpha.2",
                "@dotrex/runtime": "^0.0.0-alpha.2"
            },
            "bin": {
                "dotrex": "esm/main_node.js",
                "rex": "esm/main_node.js"
            },
            "devDependencies": {
                "@bearz/assert": "^0.1.0",
                "@bearz/testing": "^0.0.0",
                "@types/node": "^22.14.0",
                "picocolors": "^1.0.0"
            },
            "engines": {
                "node": ">=22"
            }
        },
        "command": {
            "name": "@dotrex/command",
            "version": "0.0.0-alpha.2",
            "license": "MIT",
            "dependencies": {
                "@bearz/ansi": "^0.1.0",
                "@bearz/env": "^0.1.3",
                "@bearz/process": "^0.1.0",
                "@dotrex/flags": "^0.0.0-alpha.2",
                "@dotrex/table": "^0.0.0-alpha.2"
            },
            "devDependencies": {
                "@bearz/assert": "^0.1.0",
                "@bearz/testing": "^0.0.0",
                "@types/node": "^22.14.0",
                "picocolors": "^1.0.0"
            },
            "engines": {
                "node": ">=22"
            }
        },
        "core": {
            "name": "@dotrex/core",
            "version": "0.0.0-alpha.2",
            "license": "MIT",
            "dependencies": {
                "@bearz/ansi": "^0.1.0",
                "@bearz/env": "^0.1.3",
                "@bearz/option": "^0.0.0",
                "@bearz/result": "^0.0.0",
                "@bearz/secrets": "^0.1.0",
                "@bearz/strings": "^0.1.3"
            },
            "devDependencies": {
                "@bearz/assert": "^0.1.0",
                "@bearz/testing": "^0.0.0",
                "@types/node": "^22.14.0",
                "picocolors": "^1.0.0"
            },
            "engines": {
                "node": ">=22"
            }
        },
        "file": {
            "name": "@dotrex/file",
            "version": "0.0.0-alpha.2",
            "license": "MIT",
            "dependencies": {
                "@dotrex/core": "^0.0.0-alpha.2"
            },
            "devDependencies": {
                "@bearz/assert": "^0.1.0",
                "@bearz/testing": "^0.0.0",
                "@types/node": "^22.14.0",
                "picocolors": "^1.0.0"
            },
            "engines": {
                "node": ">=22"
            }
        },
        "flags": {
            "name": "@dotrex/flags",
            "version": "0.0.0-alpha.2",
            "license": "MIT",
            "devDependencies": {
                "@bearz/assert": "^0.1.0",
                "@bearz/testing": "^0.0.0",
                "@types/node": "^22.14.0",
                "picocolors": "^1.0.0"
            },
            "engines": {
                "node": ">=22"
            }
        },
        "node_modules/@bearz/ansi": {
            "version": "0.1.0",
            "license": "MIT",
            "dependencies": {
                "@bearz/env": "^0.1.3",
                "@bearz/fmt": "^0.1.0",
                "@bearz/process": "^0.1.0"
            },
            "engines": {
                "node": ">=22"
            }
        },
        "node_modules/@bearz/assert": {
            "version": "0.1.0",
            "dev": true,
            "license": "MIT",
            "engines": {
                "node": ">=22"
            }
        },
        "node_modules/@bearz/chars": {
            "version": "0.1.0",
            "license": "MIT",
            "engines": {
                "node": ">=22"
            }
        },
        "node_modules/@bearz/ci-env": {
            "version": "0.1.0",
            "license": "MIT",
            "dependencies": {
                "@bearz/ansi": "^0.1.0",
                "@bearz/dotenv": "^0.1.0",
                "@bearz/env": "^0.1.3",
                "@bearz/fmt": "^0.1.0",
                "@bearz/fs": "^0.1.0",
                "@bearz/secrets": "^0.1.0"
            },
            "engines": {
                "node": ">=22"
            }
        },
        "node_modules/@bearz/dotenv": {
            "version": "0.1.0",
            "license": "MIT",
            "dependencies": {
                "@bearz/chars": "^0.1.0",
                "@bearz/env": "^0.1.3",
                "@bearz/strings": "^0.1.3"
            },
            "engines": {
                "node": ">=22"
            }
        },
        "node_modules/@bearz/env": {
            "version": "0.1.3",
            "license": "MIT",
            "dependencies": {
                "@bearz/chars": "^0.1.0",
                "@bearz/strings": "^0.1.3"
            },
            "engines": {
                "node": ">=22"
            }
        },
        "node_modules/@bearz/exec": {
            "version": "0.1.1",
            "resolved": "https://registry.npmjs.org/@bearz/exec/-/exec-0.1.1.tgz",
            "integrity": "sha512-eJ25Ea9dqiFBqRGe5J0xP5fVdDAq9jJSXEJxmZBgaVZ02TMXXa2kffCT2fseso34Jstdj0IDks+PK/2JWiRDrA==",
            "license": "MIT",
            "dependencies": {
                "@bearz/chars": "^0.1.0",
                "@bearz/env": "^0.1.3",
                "@bearz/fs": "^0.1.0",
                "@bearz/path": "^0.0.0",
                "@bearz/strings": "^0.1.3"
            },
            "engines": {
                "node": ">=22"
            }
        },
        "node_modules/@bearz/fmt": {
            "version": "0.1.0",
            "license": "MIT",
            "dependencies": {
                "@bearz/process": "^0.1.0"
            },
            "engines": {
                "node": ">=22"
            }
        },
        "node_modules/@bearz/fs": {
            "version": "0.1.0",
            "license": "MIT",
            "dependencies": {
                "@bearz/path": "^0.0.0"
            },
            "engines": {
                "node": ">=22"
            }
        },
        "node_modules/@bearz/option": {
            "version": "0.0.0",
            "license": "MIT",
            "engines": {
                "node": ">=22"
            }
        },
        "node_modules/@bearz/path": {
            "version": "0.0.0",
            "license": "MIT",
            "dependencies": {
                "@bearz/chars": "^0.1.0"
            },
            "engines": {
                "node": ">=22"
            }
        },
        "node_modules/@bearz/process": {
            "version": "0.1.0",
            "license": "MIT",
            "engines": {
                "node": ">=22"
            }
        },
        "node_modules/@bearz/result": {
            "version": "0.0.0",
            "license": "MIT",
            "dependencies": {
                "@bearz/option": "^0.0.0"
            },
            "engines": {
                "node": ">=22"
            }
        },
        "node_modules/@bearz/secrets": {
            "version": "0.1.0",
            "license": "MIT",
            "dependencies": {
                "@bearz/chars": "^0.1.0"
            },
            "engines": {
                "node": ">=22"
            }
        },
        "node_modules/@bearz/slices": {
            "version": "0.1.1",
            "license": "MIT",
            "dependencies": {
                "@bearz/chars": "^0.1.0"
            },
            "engines": {
                "node": ">=22"
            }
        },
        "node_modules/@bearz/strings": {
            "version": "0.1.3",
            "license": "MIT",
            "dependencies": {
                "@bearz/chars": "^0.1.0",
                "@bearz/slices": "^0.1.1"
            },
            "engines": {
                "node": ">=22"
            }
        },
        "node_modules/@bearz/testing": {
            "version": "0.0.0",
            "dev": true,
            "license": "MIT",
            "engines": {
                "node": ">=22"
            }
        },
        "node_modules/@dotrex/bun-rex": {
            "resolved": "bun-rex",
            "link": true
        },
        "node_modules/@dotrex/command": {
            "resolved": "command",
            "link": true
        },
        "node_modules/@dotrex/core": {
            "resolved": "core",
            "link": true
        },
        "node_modules/@dotrex/file": {
            "resolved": "file",
            "link": true
        },
        "node_modules/@dotrex/flags": {
            "resolved": "flags",
            "link": true
        },
        "node_modules/@dotrex/rex-cli": {
            "resolved": "rex-cli",
            "link": true
        },
        "node_modules/@dotrex/runtime": {
            "resolved": "runtime",
            "link": true
        },
        "node_modules/@dotrex/table": {
            "resolved": "table",
            "link": true
        },
        "node_modules/@types/node": {
            "version": "22.14.0",
            "dev": true,
            "license": "MIT",
            "dependencies": {
                "undici-types": "~6.21.0"
            }
        },
        "node_modules/picocolors": {
            "version": "1.1.1",
            "dev": true,
            "license": "ISC"
        },
        "node_modules/undici-types": {
            "version": "6.21.0",
            "dev": true,
            "license": "MIT"
        },
        "rex-cli": {
            "name": "@dotrex/rex-cli",
            "version": "0.0.0-alpha.2",
            "license": "MIT",
            "dependencies": {
                "@bearz/exec": "^0.1.1",
                "@bearz/process": "^0.1.0",
                "@dotrex/command": "^0.0.0-alpha.2",
                "@dotrex/core": "^0.0.0-alpha.2",
                "@dotrex/flags": "^0.0.0-alpha.2",
                "@dotrex/runtime": "^0.0.0-alpha.2"
            },
            "bin": {
                "dotrex": "esm/main_node.js",
                "rex": "esm/main_node.js"
            },
            "devDependencies": {
                "@bearz/assert": "^0.1.0",
                "@bearz/testing": "^0.0.0",
                "@types/node": "^22.14.0",
                "picocolors": "^1.0.0"
            },
            "engines": {
                "node": ">=22"
            }
        },
        "runtime": {
            "name": "@dotrex/runtime",
            "version": "0.0.0-alpha.2",
            "license": "MIT",
            "dependencies": {
                "@bearz/ansi": "^0.1.0",
                "@bearz/ci-env": "^0.1.0",
                "@bearz/env": "^0.1.3",
                "@bearz/fs": "^0.1.0",
                "@bearz/path": "^0.0.0",
                "@bearz/result": "^0.0.0",
                "@bearz/secrets": "^0.1.0",
                "@bearz/strings": "^0.1.3",
                "@dotrex/core": "^0.0.0-alpha.2"
            },
            "devDependencies": {
                "@bearz/assert": "^0.1.0",
                "@bearz/testing": "^0.0.0",
                "@types/node": "^22.14.0",
                "picocolors": "^1.0.0"
            },
            "engines": {
                "node": ">=22"
            }
        },
        "table": {
            "name": "@dotrex/table",
            "version": "0.0.0-alpha.2",
            "license": "MIT",
            "dependencies": {
                "@bearz/ansi": "^0.1.0"
            },
            "devDependencies": {
                "@bearz/assert": "^0.1.0",
                "@bearz/testing": "^0.0.0",
                "@types/node": "^22.14.0",
                "picocolors": "^1.0.0"
            },
            "engines": {
                "node": ">=22"
            }
        }
    }
}
